# This file is generated by running "yarn install" inside your project.
# Manual changes might be lost - proceed with caution!

__metadata:
  version: 10
  cacheKey: 10c0

"@biomejs/biome@npm:^2.5.0":
  version: 2.5.0
  resolution: "@biomejs/biome@npm:2.5.0"
  dependencies:
    "@biomejs/cli-darwin-arm64": "npm:2.5.0"
    "@biomejs/cli-darwin-x64": "npm:2.5.0"
    "@biomejs/cli-linux-arm64": "npm:2.5.0"
    "@biomejs/cli-linux-arm64-musl": "npm:2.5.0"
    "@biomejs/cli-linux-x64": "npm:2.5.0"
    "@biomejs/cli-linux-x64-musl": "npm:2.5.0"
    "@biomejs/cli-win32-arm64": "npm:2.5.0"
    "@biomejs/cli-win32-x64": "npm:2.5.0"
  dependenciesMeta:
    "@biomejs/cli-darwin-arm64":
      optional: true
    "@biomejs/cli-darwin-x64":
      optional: true
    "@biomejs/cli-linux-arm64":
      optional: true
    "@biomejs/cli-linux-arm64-musl":
      optional: true
    "@biomejs/cli-linux-x64":
      optional: true
    "@biomejs/cli-linux-x64-musl":
      optional: true
    "@biomejs/cli-win32-arm64":
      optional: true
    "@biomejs/cli-win32-x64":
      optional: true
  bin:
    biome: bin/biome
  checksum: 10c0/53ca615db3b8da17ec477df0bdc55e12b986d35211722d223ab08c3ead5d9e518518a2bfc81f6923d1d2c05bdaacdff2ea749e9d12857bd85d7b8fc45cd0215e
  languageName: node
  linkType: hard

"@biomejs/cli-darwin-arm64@npm:2.5.0":
  version: 2.5.0
  resolution: "@biomejs/cli-darwin-arm64@npm:2.5.0"
  conditions: os=darwin & cpu=arm64
  languageName: node
  linkType: hard

"@biomejs/cli-darwin-x64@npm:2.5.0":
  version: 2.5.0
  resolution: "@biomejs/cli-darwin-x64@npm:2.5.0"
  conditions: os=darwin & cpu=x64
  languageName: node
  linkType: hard

"@biomejs/cli-linux-arm64-musl@npm:2.5.0":
  version: 2.5.0
  resolution: "@biomejs/cli-linux-arm64-musl@npm:2.5.0"
  conditions: os=linux & cpu=arm64 & libc=musl
  languageName: node
  linkType: hard

"@biomejs/cli-linux-arm64@npm:2.5.0":
  version: 2.5.0
  resolution: "@biomejs/cli-linux-arm64@npm:2.5.0"
  conditions: os=linux & cpu=arm64 & libc=glibc
  languageName: node
  linkType: hard

"@biomejs/cli-linux-x64-musl@npm:2.5.0":
  version: 2.5.0
  resolution: "@biomejs/cli-linux-x64-musl@npm:2.5.0"
  conditions: os=linux & cpu=x64 & libc=musl
  languageName: node
  linkType: hard

"@biomejs/cli-linux-x64@npm:2.5.0":
  version: 2.5.0
  resolution: "@biomejs/cli-linux-x64@npm:2.5.0"
  conditions: os=linux & cpu=x64 & libc=glibc
  languageName: node
  linkType: hard

"@biomejs/cli-win32-arm64@npm:2.5.0":
  version: 2.5.0
  resolution: "@biomejs/cli-win32-arm64@npm:2.5.0"
  conditions: os=win32 & cpu=arm64
  languageName: node
  linkType: hard

"@biomejs/cli-win32-x64@npm:2.5.0":
  version: 2.5.0
  resolution: "@biomejs/cli-win32-x64@npm:2.5.0"
  conditions: os=win32 & cpu=x64
  languageName: node
  linkType: hard

"@types/node@npm:^26.0.0":
  version: 26.0.0
  resolution: "@types/node@npm:26.0.0"
  dependencies:
    undici-types: "npm:~8.3.0"
  checksum: 10c0/f36e21634fd8e8ded162ca486508bd8bb229d398a8d5541f6d8c1255968d4464e53327a77f403b216ef98e3b6f6956882eef83e4857d4bc2be9569dd55d37aae
  languageName: node
  linkType: hard

"aedes@workspace:.":
  version: 0.0.0-use.local
  resolution: "aedes@workspace:."
  dependencies:
    "@biomejs/biome": "npm:^2.5.0"
    "@types/node": "npm:^26.0.0"
  languageName: unknown
  linkType: soft

"undici-types@npm:~8.3.0":
  version: 8.3.0
  resolution: "undici-types@npm:8.3.0"
  checksum: 10c0/c8aa7e2fbebfce519654dafadc0ece59be888d2ccaf180fb4495da875e7b536d2456345c384069c7e6f3e9c9ab7435f074957da306f142343eee86ff8048855a
  languageName: node
  linkType: hard
